// !$*UTF8*$!
{
	archiveVersion = 1;
	classes = {
	};
	objectVersion = 56;
	objects = {

/* Begin PBXBuildFile section */
		44FB506C2C79EF69002F55BE /* main.cpp in Sources */ = {isa = PBXBuildFile; fileRef = 44FB506A2C79EF69002F55BE /* main.cpp */; };
		44FB50792C79EF9E002F55BE /* logger_p.c in Sources */ = {isa = PBXBuildFile; fileRef = 44FB506D2C79EF9E002F55BE /* logger_p.c */; };
		44FB507A2C79EF9E002F55BE /* slcan.c in Sources */ = {isa = PBXBuildFile; fileRef = 44FB50742C79EF9E002F55BE /* slcan.c */; };
		44FB507B2C79EF9E002F55BE /* serial_p.c in Sources */ = {isa = PBXBuildFile; fileRef = 44FB50752C79EF9E002F55BE /* serial_p.c */; };
		44FB507C2C79EF9E002F55BE /* queue_p.c in Sources */ = {isa = PBXBuildFile; fileRef = 44FB50762C79EF9E002F55BE /* queue_p.c */; };
		44FB507D2C79EF9E002F55BE /* buffer_p.c in Sources */ = {isa = PBXBuildFile; fileRef = 44FB50772C79EF9E002F55BE /* buffer_p.c */; };
/* End PBXBuildFile section */

/* Begin PBXCopyFilesBuildPhase section */
		44FB505D2C79EEFE002F55BE /* CopyFiles */ = {
			isa = PBXCopyFilesBuildPhase;
			buildActionMask = 2147483647;
			dstPath = /usr/share/man/man1/;
			dstSubfolderSpec = 0;
			files = (
			);
			runOnlyForDeploymentPostprocessing = 1;
		};
/* End PBXCopyFilesBuildPhase section */

/* Begin PBXFileReference section */
		44FB505F2C79EEFE002F55BE /* slcan_test */ = {isa = PBXFileReference; explicitFileType = "compiled.mach-o.executable"; includeInIndex = 0; path = slcan_test; sourceTree = BUILT_PRODUCTS_DIR; };
		44FB506A2C79EF69002F55BE /* main.cpp */ = {isa = PBXFileReference; fileEncoding = 4; lastKnownFileType = sourcecode.cpp.cpp; name = main.cpp; path = Sources/main.cpp; sourceTree = "<group>"; };
		44FB506B2C79EF69002F55BE /* debug.h */ = {isa = PBXFileReference; fileEncoding = 4; lastKnownFileType = sourcecode.c.h; name = debug.h; path = Sources/debug.h; sourceTree = "<group>"; };
		44FB506D2C79EF9E002F55BE /* logger_p.c */ = {isa = PBXFileReference; fileEncoding = 4; lastKnownFileType = sourcecode.c.c; name = logger_p.c; path = ../Sources/logger_p.c; sourceTree = "<group>"; };
		44FB506E2C79EF9E002F55BE /* logger.h */ = {isa = PBXFileReference; fileEncoding = 4; lastKnownFileType = sourcecode.c.h; name = logger.h; path = ../Sources/logger.h; sourceTree = "<group>"; };
		44FB506F2C79EF9E002F55BE /* serial_attr.h */ = {isa = PBXFileReference; fileEncoding = 4; lastKnownFileType = sourcecode.c.h; name = serial_attr.h; path = ../Sources/serial_attr.h; sourceTree = "<group>"; };
		44FB50702C79EF9E002F55BE /* buffer.h */ = {isa = PBXFileReference; fileEncoding = 4; lastKnownFileType = sourcecode.c.h; name = buffer.h; path = ../Sources/buffer.h; sourceTree = "<group>"; };
		44FB50712C79EF9E002F55BE /* queue.h */ = {isa = PBXFileReference; fileEncoding = 4; lastKnownFileType = sourcecode.c.h; name = queue.h; path = ../Sources/queue.h; sourceTree = "<group>"; };
		44FB50722C79EF9E002F55BE /* slcan.h */ = {isa = PBXFileReference; fileEncoding = 4; lastKnownFileType = sourcecode.c.h; name = slcan.h; path = ../Sources/slcan.h; sourceTree = "<group>"; };
		44FB50732C79EF9E002F55BE /* build_no.h */ = {isa = PBXFileReference; fileEncoding = 4; lastKnownFileType = sourcecode.c.h; name = build_no.h; path = ../Sources/build_no.h; sourceTree = "<group>"; };
		44FB50742C79EF9E002F55BE /* slcan.c */ = {isa = PBXFileReference; fileEncoding = 4; lastKnownFileType = sourcecode.c.c; name = slcan.c; path = ../Sources/slcan.c; sourceTree = "<group>"; };
		44FB50752C79EF9E002F55BE /* serial_p.c */ = {isa = PBXFileReference; fileEncoding = 4; lastKnownFileType = sourcecode.c.c; name = serial_p.c; path = ../Sources/serial_p.c; sourceTree = "<group>"; };
		44FB50762C79EF9E002F55BE /* queue_p.c */ = {isa = PBXFileReference; fileEncoding = 4; lastKnownFileType = sourcecode.c.c; name = queue_p.c; path = ../Sources/queue_p.c; sourceTree = "<group>"; };
		44FB50772C79EF9E002F55BE /* buffer_p.c */ = {isa = PBXFileReference; fileEncoding = 4; lastKnownFileType = sourcecode.c.c; name = buffer_p.c; path = ../Sources/buffer_p.c; sourceTree = "<group>"; };
		44FB50782C79EF9E002F55BE /* serial.h */ = {isa = PBXFileReference; fileEncoding = 4; lastKnownFileType = sourcecode.c.h; name = serial.h; path = ../Sources/serial.h; sourceTree = "<group>"; };
/* End PBXFileReference section */

/* Begin PBXFrameworksBuildPhase section */
		44FB505C2C79EEFE002F55BE /* Frameworks */ = {
			isa = PBXFrameworksBuildPhase;
			buildActionMask = 2147483647;
			files = (
			);
			runOnlyForDeploymentPostprocessing = 0;
		};
/* End PBXFrameworksBuildPhase section */

/* Begin PBXGroup section */
		44FB50562C79EEFE002F55BE = {
			isa = PBXGroup;
			children = (
				44FB50692C79EF4B002F55BE /* Sources */,
				44FB50602C79EEFE002F55BE /* Products */,
			);
			sourceTree = "<group>";
		};
		44FB50602C79EEFE002F55BE /* Products */ = {
			isa = PBXGroup;
			children = (
				44FB505F2C79EEFE002F55BE /* slcan_test */,
			);
			name = Products;
			sourceTree = "<group>";
		};
		44FB50692C79EF4B002F55BE /* Sources */ = {
			isa = PBXGroup;
			children = (
				44FB50772C79EF9E002F55BE /* buffer_p.c */,
				44FB50702C79EF9E002F55BE /* buffer.h */,
				44FB50732C79EF9E002F55BE /* build_no.h */,
				44FB506D2C79EF9E002F55BE /* logger_p.c */,
				44FB506E2C79EF9E002F55BE /* logger.h */,
				44FB50762C79EF9E002F55BE /* queue_p.c */,
				44FB50712C79EF9E002F55BE /* queue.h */,
				44FB506F2C79EF9E002F55BE /* serial_attr.h */,
				44FB50752C79EF9E002F55BE /* serial_p.c */,
				44FB50782C79EF9E002F55BE /* serial.h */,
				44FB50742C79EF9E002F55BE /* slcan.c */,
				44FB50722C79EF9E002F55BE /* slcan.h */,
				44FB506B2C79EF69002F55BE /* debug.h */,
				44FB506A2C79EF69002F55BE /* main.cpp */,
			);
			name = Sources;
			sourceTree = "<group>";
		};
/* End PBXGroup section */

/* Begin PBXNativeTarget section */
		44FB505E2C79EEFE002F55BE /* slcan_test */ = {
			isa = PBXNativeTarget;
			buildConfigurationList = 44FB50662C79EEFE002F55BE /* Build configuration list for PBXNativeTarget "slcan_test" */;
			buildPhases = (
				44FB505B2C79EEFE002F55BE /* Sources */,
				44FB505C2C79EEFE002F55BE /* Frameworks */,
				44FB505D2C79EEFE002F55BE /* CopyFiles */,
			);
			buildRules = (
			);
			dependencies = (
			);
			name = slcan_test;
			productName = slcan_test;
			productReference = 44FB505F2C79EEFE002F55BE /* slcan_test */;
			productType = "com.apple.product-type.tool";
		};
/* End PBXNativeTarget section */

/* Begin PBXProject section */
		44FB50572C79EEFE002F55BE /* Project object */ = {
			isa = PBXProject;
			attributes = {
				BuildIndependentTargetsInParallel = 1;
				LastUpgradeCheck = 1540;
				TargetAttributes = {
					44FB505E2C79EEFE002F55BE = {
						CreatedOnToolsVersion = 15.4;
					};
				};
			};
			buildConfigurationList = 44FB505A2C79EEFE002F55BE /* Build configuration list for PBXProject "slcan_test" */;
			compatibilityVersion = "Xcode 14.0";
			developmentRegion = en;
			hasScannedForEncodings = 0;
			knownRegions = (
				en,
				Base,
			);
			mainGroup = 44FB50562C79EEFE002F55BE;
			productRefGroup = 44FB50602C79EEFE002F55BE /* Products */;
			projectDirPath = "";
			projectRoot = "";
			targets = (
				44FB505E2C79EEFE002F55BE /* slcan_test */,
			);
		};
/* End PBXProject section */

/* Begin PBXSourcesBuildPhase section */
		44FB505B2C79EEFE002F55BE /* Sources */ = {
			isa = PBXSourcesBuildPhase;
			buildActionMask = 2147483647;
			files = (
				44FB507A2C79EF9E002F55BE /* slcan.c in Sources */,
				44FB50792C79EF9E002F55BE /* logger_p.c in Sources */,
				44FB507B2C79EF9E002F55BE /* serial_p.c in Sources */,
				44FB507C2C79EF9E002F55BE /* queue_p.c in Sources */,
				44FB507D2C79EF9E002F55BE /* buffer_p.c in Sources */,
				44FB506C2C79EF69002F55BE /* main.cpp in Sources */,
			);
			runOnlyForDeploymentPostprocessing = 0;
		};
/* End PBXSourcesBuildPhase section */

/* Begin XCBuildConfiguration section */
		44FB50642C79EEFE002F55BE /* Debug */ = {
			isa = XCBuildConfiguration;
			buildSettings = {
				ALWAYS_SEARCH_USER_PATHS = NO;
				ASSETCATALOG_COMPILER_GENERATE_SWIFT_ASSET_SYMBOL_EXTENSIONS = YES;
				CLANG_ANALYZER_NONNULL = YES;
				CLANG_ANALYZER_NUMBER_OBJECT_CONVERSION = YES_AGGRESSIVE;
				CLANG_CXX_LANGUAGE_STANDARD = "gnu++20";
				CLANG_ENABLE_MODULES = YES;
				CLANG_ENABLE_OBJC_ARC = YES;
				CLANG_ENABLE_OBJC_WEAK = YES;
				CLANG_WARN_BLOCK_CAPTURE_AUTORELEASING = YES;
				CLANG_WARN_BOOL_CONVERSION = YES;
				CLANG_WARN_COMMA = YES;
				CLANG_WARN_CONSTANT_CONVERSION = YES;
				CLANG_WARN_DEPRECATED_OBJC_IMPLEMENTATIONS = YES;
				CLANG_WARN_DIRECT_OBJC_ISA_USAGE = YES_ERROR;
				CLANG_WARN_DOCUMENTATION_COMMENTS = YES;
				CLANG_WARN_EMPTY_BODY = YES;
				CLANG_WARN_ENUM_CONVERSION = YES;
				CLANG_WARN_INFINITE_RECURSION = YES;
				CLANG_WARN_INT_CONVERSION = YES;
				CLANG_WARN_NON_LITERAL_NULL_CONVERSION = YES;
				CLANG_WARN_OBJC_IMPLICIT_RETAIN_SELF = YES;
				CLANG_WARN_OBJC_LITERAL_CONVERSION = YES;
				CLANG_WARN_OBJC_ROOT_CLASS = YES_ERROR;
				CLANG_WARN_QUOTED_INCLUDE_IN_FRAMEWORK_HEADER = YES;
				CLANG_WARN_RANGE_LOOP_ANALYSIS = YES;
				CLANG_WARN_STRICT_PROTOTYPES = YES;
				CLANG_WARN_SUSPICIOUS_MOVE = YES;
				CLANG_WARN_UNGUARDED_AVAILABILITY = YES_AGGRESSIVE;
				CLANG_WARN_UNREACHABLE_CODE = YES;
				CLANG_WARN__DUPLICATE_METHOD_MATCH = YES;
				COPY_PHASE_STRIP = NO;
				DEBUG_INFORMATION_FORMAT = dwarf;
				ENABLE_STRICT_OBJC_MSGSEND = YES;
				ENABLE_TESTABILITY = YES;
				ENABLE_USER_SCRIPT_SANDBOXING = YES;
				GCC_C_LANGUAGE_STANDARD = gnu17;
				GCC_DYNAMIC_NO_PIC = NO;
				GCC_NO_COMMON_BLOCKS = YES;
				GCC_OPTIMIZATION_LEVEL = 0;
				GCC_PREPROCESSOR_DEFINITIONS = (
					"DEBUG=1",
					"$(inherited)",
					"OPTION_SERIAL_DEBUG_LEVEL=3",
					"OPTION_SLCAN_DEBUG_LEVEL=1",
				);
				GCC_WARN_64_TO_32_BIT_CONVERSION = YES;
				GCC_WARN_ABOUT_RETURN_TYPE = YES_ERROR;
				GCC_WARN_UNDECLARED_SELECTOR = YES;
				GCC_WARN_UNINITIALIZED_AUTOS = YES_AGGRESSIVE;
				GCC_WARN_UNUSED_FUNCTION = YES;
				GCC_WARN_UNUSED_VARIABLE = YES;
				LOCALIZATION_PREFERS_STRING_CATALOGS = YES;
				MACOSX_DEPLOYMENT_TARGET = 12.0;
				MTL_ENABLE_DEBUG_INFO = INCLUDE_SOURCE;
				MTL_FAST_MATH = YES;
				ONLY_ACTIVE_ARCH = YES;
				SDKROOT = macosx;
			};
			name = Debug;
		};
		44FB50652C79EEFE002F55BE /* Release */ = {
			isa = XCBuildConfiguration;
			buildSettings = {
				ALWAYS_SEARCH_USER_PATHS = NO;
				ASSETCATALOG_COMPILER_GENERATE_SWIFT_ASSET_SYMBOL_EXTENSIONS = YES;
				CLANG_ANALYZER_NONNULL = YES;
				CLANG_ANALYZER_NUMBER_OBJECT_CONVERSION = YES_AGGRESSIVE;
				CLANG_CXX_LANGUAGE_STANDARD = "gnu++20";
				CLANG_ENABLE_MODULES = YES;
				CLANG_ENABLE_OBJC_ARC = YES;
				CLANG_ENABLE_OBJC_WEAK = YES;
				CLANG_WARN_BLOCK_CAPTURE_AUTORELEASING = YES;
				CLANG_WARN_BOOL_CONVERSION = YES;
				CLANG_WARN_COMMA = YES;
				CLANG_WARN_CONSTANT_CONVERSION = YES;
				CLANG_WARN_DEPRECATED_OBJC_IMPLEMENTATIONS = YES;
				CLANG_WARN_DIRECT_OBJC_ISA_USAGE = YES_ERROR;
				CLANG_WARN_DOCUMENTATION_COMMENTS = YES;
				CLANG_WARN_EMPTY_BODY = YES;
				CLANG_WARN_ENUM_CONVERSION = YES;
				CLANG_WARN_INFINITE_RECURSION = YES;
				CLANG_WARN_INT_CONVERSION = YES;
				CLANG_WARN_NON_LITERAL_NULL_CONVERSION = YES;
				CLANG_WARN_OBJC_IMPLICIT_RETAIN_SELF = YES;
				CLANG_WARN_OBJC_LITERAL_CONVERSION = YES;
				CLANG_WARN_OBJC_ROOT_CLASS = YES_ERROR;
				CLANG_WARN_QUOTED_INCLUDE_IN_FRAMEWORK_HEADER = YES;
				CLANG_WARN_RANGE_LOOP_ANALYSIS = YES;
				CLANG_WARN_STRICT_PROTOTYPES = YES;
				CLANG_WARN_SUSPICIOUS_MOVE = YES;
				CLANG_WARN_UNGUARDED_AVAILABILITY = YES_AGGRESSIVE;
				CLANG_WARN_UNREACHABLE_CODE = YES;
				CLANG_WARN__DUPLICATE_METHOD_MATCH = YES;
				COPY_PHASE_STRIP = NO;
				DEBUG_INFORMATION_FORMAT = "dwarf-with-dsym";
				ENABLE_NS_ASSERTIONS = NO;
				ENABLE_STRICT_OBJC_MSGSEND = YES;
				ENABLE_USER_SCRIPT_SANDBOXING = YES;
				GCC_C_LANGUAGE_STANDARD = gnu17;
				GCC_NO_COMMON_BLOCKS = YES;
				GCC_WARN_64_TO_32_BIT_CONVERSION = YES;
				GCC_WARN_ABOUT_RETURN_TYPE = YES_ERROR;
				GCC_WARN_UNDECLARED_SELECTOR = YES;
				GCC_WARN_UNINITIALIZED_AUTOS = YES_AGGRESSIVE;
				GCC_WARN_UNUSED_FUNCTION = YES;
				GCC_WARN_UNUSED_VARIABLE = YES;
				LOCALIZATION_PREFERS_STRING_CATALOGS = YES;
				MACOSX_DEPLOYMENT_TARGET = 12.0;
				MTL_ENABLE_DEBUG_INFO = NO;
				MTL_FAST_MATH = YES;
				SDKROOT = macosx;
			};
			name = Release;
		};
		44FB50672C79EEFE002F55BE /* Debug */ = {
			isa = XCBuildConfiguration;
			buildSettings = {
				CODE_SIGN_STYLE = Automatic;
				PRODUCT_NAME = "$(TARGET_NAME)";
			};
			name = Debug;
		};
		44FB50682C79EEFE002F55BE /* Release */ = {
			isa = XCBuildConfiguration;
			buildSettings = {
				CODE_SIGN_STYLE = Automatic;
				PRODUCT_NAME = "$(TARGET_NAME)";
			};
			name = Release;
		};
/* End XCBuildConfiguration section */

/* Begin XCConfigurationList section */
		44FB505A2C79EEFE002F55BE /* Build configuration list for PBXProject "slcan_test" */ = {
			isa = XCConfigurationList;
			buildConfigurations = (
				44FB50642C79EEFE002F55BE /* Debug */,
				44FB50652C79EEFE002F55BE /* Release */,
			);
			defaultConfigurationIsVisible = 0;
			defaultConfigurationName = Release;
		};
		44FB50662C79EEFE002F55BE /* Build configuration list for PBXNativeTarget "slcan_test" */ = {
			isa = XCConfigurationList;
			buildConfigurations = (
				44FB50672C79EEFE002F55BE /* Debug */,
				44FB50682C79EEFE002F55BE /* Release */,
			);
			defaultConfigurationIsVisible = 0;
			defaultConfigurationName = Release;
		};
/* End XCConfigurationList section */
	};
	rootObject = 44FB50572C79EEFE002F55BE /* Project object */;
}
